
Microsoft Visual Studio Solution File, Format Version 12.00
# Visual Studio Version 17
VisualStudioVersion = 17.2.32630.192
MinimumVisualStudioVersion = 10.0.40219.1
Project("{9A19103F-16F7-4668-BE54-9A1E7A4F7556}") = "FrameworkTask", "..\..\dotNetTasks\FrameworkTask\FrameworkTask\FrameworkTask.csproj", "{0F58838C-31AE-4301-AFF0-E4C7A86EB109}"
EndProject
Project("{9A19103F-16F7-4668-BE54-9A1E7A4F7556}") = "FrameworkTaskTest", "..\..\dotNetTasks\FrameworkTask\FrameworkTaskTest\FrameworkTaskTest.csproj", "{38F252D1-D24C-48E2-AE06-7B0A847F444A}"
EndProject
Global
	GlobalSection(SolutionConfigurationPlatforms) = preSolution
		Debug|Any CPU = Debug|Any CPU
		Release|Any CPU = Release|Any CPU
	EndGlobalSection
	GlobalSection(ProjectConfigurationPlatforms) = postSolution
		{0F58838C-31AE-4301-AFF0-E4C7A86EB109}.Debug|Any CPU.ActiveCfg = Debug|Any CPU
		{0F58838C-31AE-4301-AFF0-E4C7A86EB109}.Debug|Any CPU.Build.0 = Debug|Any CPU
		{0F58838C-31AE-4301-AFF0-E4C7A86EB109}.Release|Any CPU.ActiveCfg = Release|Any CPU
		{0F58838C-31AE-4301-AFF0-E4C7A86EB109}.Release|Any CPU.Build.0 = Release|Any CPU
		{38F252D1-D24C-48E2-AE06-7B0A847F444A}.Debug|Any CPU.ActiveCfg = Debug|Any CPU
		{38F252D1-D24C-48E2-AE06-7B0A847F444A}.Debug|Any CPU.Build.0 = Debug|Any CPU
		{38F252D1-D24C-48E2-AE06-7B0A847F444A}.Release|Any CPU.ActiveCfg = Release|Any CPU
		{38F252D1-D24C-48E2-AE06-7B0A847F444A}.Release|Any CPU.Build.0 = Release|Any CPU
	EndGlobalSection
	GlobalSection(SolutionProperties) = preSolution
		HideSolutionNode = FALSE
	EndGlobalSection
	GlobalSection(ExtensibilityGlobals) = postSolution
		SolutionGuid = {2B41985F-2C45-4908-AC1B-33194D30B25D}
	EndGlobalSection
EndGlobal
